<?xml version="1.0" encoding="utf-8"?>
<Project ToolsVersion="4.0" xmlns="http://schemas.microsoft.com/developer/msbuild/2003">
  <ItemGroup>
    <ClCompile Include="GameTest.cpp" />
    <ClCompile Include="stdafx.cpp" />
    <ClCompile Include="App\app.cpp">
      <Filter>API</Filter>
    </ClCompile>
    <ClCompile Include="App\main.cpp">
      <Filter>API</Filter>
    </ClCompile>
    <ClCompile Include="App\SimpleController.cpp">
      <Filter>API</Filter>
    </ClCompile>
    <ClCompile Include="App\SimpleSound.cpp">
      <Filter>API</Filter>
    </ClCompile>
    <ClCompile Include="App\SimpleSprite.cpp">
      <Filter>API</Filter>
    </ClCompile>
    <ClCompile Include="stb_image\stb_image.cpp">
      <Filter>stb_image</Filter>
    </ClCompile>
    <ClCompile Include="Engine\ECS\ECS.cpp">
      <Filter>Engine\ECS</Filter>
    </ClCompile>
    <ClCompile Include="Engine\Logger\Logger.cpp">
      <Filter>Engine\Logger</Filter>
    </ClCompile>
  </ItemGroup>
  <ItemGroup>
    <ClInclude Include="stdafx.h" />
    <ClInclude Include="App\app.h">
      <Filter>API</Filter>
    </ClInclude>
    <ClInclude Include="App\AppSettings.h">
      <Filter>API</Filter>
    </ClInclude>
    <ClInclude Include="App\main.h">
      <Filter>API</Filter>
    </ClInclude>
    <ClInclude Include="App\SimpleController.h">
      <Filter>API</Filter>
    </ClInclude>
    <ClInclude Include="App\SimpleSound.h">
      <Filter>API</Filter>
    </ClInclude>
    <ClInclude Include="App\SimpleSprite.h">
      <Filter>API</Filter>
    </ClInclude>
    <ClInclude Include="targetver.h">
      <Filter>API</Filter>
    </ClInclude>
    <ClInclude Include="stb_image\stb_image.h">
      <Filter>stb_image</Filter>
    </ClInclude>
    <ClInclude Include="Engine\Events\CollisionEvent.h">
      <Filter>Engine\Events</Filter>
    </ClInclude>
    <ClInclude Include="Engine\Components\AnimationComponent.h">
      <Filter>Engine\Components</Filter>
    </ClInclude>
    <ClInclude Include="Engine\Components\BoxColliderComponent.h">
      <Filter>Engine\Components</Filter>
    </ClInclude>
    <ClInclude Include="Engine\Components\CameraFollowComponent.h">
      <Filter>Engine\Components</Filter>
    </ClInclude>
    <ClInclude Include="Engine\Components\HealthComponent.h">
      <Filter>Engine\Components</Filter>
    </ClInclude>
    <ClInclude Include="Engine\Components\RigidBodyComponent.h">
      <Filter>Engine\Components</Filter>
    </ClInclude>
    <ClInclude Include="Engine\Components\SpriteComponent.h">
      <Filter>Engine\Components</Filter>
    </ClInclude>
    <ClInclude Include="Engine\Components\TransformComponent.h">
      <Filter>Engine\Components</Filter>
    </ClInclude>
    <ClInclude Include="Engine\EventBus\Event.h">
      <Filter>Engine\EventBus</Filter>
    </ClInclude>
    <ClInclude Include="Engine\EventBus\EventBus.h">
      <Filter>Engine\EventBus</Filter>
    </ClInclude>
    <ClInclude Include="Engine\ECS\ECS.h">
      <Filter>Engine\ECS</Filter>
    </ClInclude>
    <ClInclude Include="Engine\Logger\Logger.h">
      <Filter>Engine\Logger</Filter>
    </ClInclude>
    <ClInclude Include="Engine\Systems\AnimationSystem.h">
      <Filter>Engine\Systems</Filter>
    </ClInclude>
    <ClInclude Include="Engine\Systems\CollisionSystem.h">
      <Filter>Engine\Systems</Filter>
    </ClInclude>
    <ClInclude Include="Engine\Systems\DamageSystem.h">
      <Filter>Engine\Systems</Filter>
    </ClInclude>
    <ClInclude Include="Engine\Systems\RenderSystem.h">
      <Filter>Engine\Systems</Filter>
    </ClInclude>
    <ClInclude Include="Engine\Systems\PlayerAbilitiesSystem.h">
      <Filter>Engine\Systems</Filter>
    </ClInclude>
    <ClInclude Include="Engine\Components\PlayerAbilitiesComponent.h">
      <Filter>Engine\Components</Filter>
    </ClInclude>
    <ClInclude Include="Engine\Systems\MovementSystem.h">
      <Filter>Engine\Systems</Filter>
    </ClInclude>
    <ClInclude Include="Engine\Components\ProjectileComponent.h">
      <Filter>Engine\Components</Filter>
    </ClInclude>
    <ClInclude Include="Engine\Components\ProjectileEmitterComponent.h">
      <Filter>Engine\Components</Filter>
    </ClInclude>
    <ClInclude Include="Engine\Systems\ProjectileEmitSystem.h">
      <Filter>Engine\Systems</Filter>
    </ClInclude>
    <ClInclude Include="Engine\Systems\ProjectileLifecycleSystem.h">
      <Filter>Engine\Systems</Filter>
    </ClInclude>
    <ClInclude Include="Engine\Events\PlayerActionEvent.h">
      <Filter>Engine\Events</Filter>
    </ClInclude>
  </ItemGroup>
  <ItemGroup>
    <Filter Include="stb_image">
      <UniqueIdentifier>{61cfc19b-c57e-4021-b530-bac172fcba86}</UniqueIdentifier>
    </Filter>
    <Filter Include="API">
      <UniqueIdentifier>{f318918d-bb9f-4402-ae1c-4f72186d16f6}</UniqueIdentifier>
    </Filter>
    <Filter Include="Engine">
      <UniqueIdentifier>{984a3a6a-9f6f-48aa-8dbd-446b5b78b192}</UniqueIdentifier>
    </Filter>
    <Filter Include="Engine\Events">
      <UniqueIdentifier>{a6b8f7f2-9d5d-4504-9ad4-2df074824b58}</UniqueIdentifier>
    </Filter>
    <Filter Include="Engine\Components">
      <UniqueIdentifier>{6b09b02e-99db-483a-8821-35034c6a30c4}</UniqueIdentifier>
    </Filter>
    <Filter Include="Engine\AssetStore">
      <UniqueIdentifier>{f978837a-3372-4ff2-ac74-6125cd66d916}</UniqueIdentifier>
    </Filter>
    <Filter Include="Engine\ECS">
      <UniqueIdentifier>{80429b1d-e484-4e89-a657-3f38da8354f7}</UniqueIdentifier>
    </Filter>
    <Filter Include="Engine\EventBus">
      <UniqueIdentifier>{7541533a-1e51-4499-8f29-c516484bd5dc}</UniqueIdentifier>
    </Filter>
    <Filter Include="Engine\Logger">
      <UniqueIdentifier>{10089250-e8e8-42df-8001-8a1fde879fad}</UniqueIdentifier>
    </Filter>
    <Filter Include="Engine\Systems">
      <UniqueIdentifier>{09eed572-0112-412e-a94d-07f637f917b5}</UniqueIdentifier>
    </Filter>
  </ItemGroup>
  <ItemGroup>
    <Text Include="ReadMe.txt">
      <Filter>API</Filter>
    </Text>
  </ItemGroup>
</Project>